
Microsoft Visual Studio Solution File, Format Version 12.00
# Visual Studio Version 16
VisualStudioVersion = 16.0.29102.190
MinimumVisualStudioVersion = 10.0.40219.1
Project("{FAE04EC0-301F-11D3-BF4B-00C04F79EFBC}") = "LibraryManagement", "LibraryManagement\LibraryManagement.csproj", "{F245DEF7-D14D-4303-A998-664C32CFADA4}"
EndProject
Global
	GlobalSection(SolutionConfigurationPlatforms) = preSolution
		Debug|Any CPU = Debug|Any CPU
		Release|Any CPU = Release|Any CPU
	EndGlobalSection
	GlobalSection(ProjectConfigurationPlatforms) = postSolution
		{F245DEF7-D14D-4303-A998-664C32CFADA4}.Debug|Any CPU.ActiveCfg = Debug|Any CPU
		{F245DEF7-D14D-4303-A998-664C32CFADA4}.Debug|Any CPU.Build.0 = Debug|Any CPU
		{F245DEF7-D14D-4303-A998-664C32CFADA4}.Release|Any CPU.ActiveCfg = Release|Any CPU
		{F245DEF7-D14D-4303-A998-664C32CFADA4}.Release|Any CPU.Build.0 = Release|Any CPU
	EndGlobalSection
	GlobalSection(SolutionProperties) = preSolution
		HideSolutionNode = FALSE
	EndGlobalSection
	GlobalSection(ExtensibilityGlobals) = postSolution
		SolutionGuid = {2E24E674-96B0-4C72-87C3-D211A62EB9AD}
	EndGlobalSection
EndGlobal
